
Microsoft Visual Studio Solution File, Format Version 12.00
# Visual Studio Version 17
VisualStudioVersion = 17.6.33829.357
MinimumVisualStudioVersion = 10.0.40219.1
Project("{9A19103F-16F7-4668-BE54-9A1E7A4F7556}") = "NewShoppingCart", "NewShoppingCart.csproj", "{0A0C3DE9-E109-44DF-B51D-0B546B9F19D0}"
EndProject
Global
	GlobalSection(SolutionConfigurationPlatforms) = preSolution
		Debug|Any CPU = Debug|Any CPU
		Release|Any CPU = Release|Any CPU
	EndGlobalSection
	GlobalSection(ProjectConfigurationPlatforms) = postSolution
		{0A0C3DE9-E109-44DF-B51D-0B546B9F19D0}.Debug|Any CPU.ActiveCfg = Debug|Any CPU
		{0A0C3DE9-E109-44DF-B51D-0B546B9F19D0}.Debug|Any CPU.Build.0 = Debug|Any CPU
		{0A0C3DE9-E109-44DF-B51D-0B546B9F19D0}.Release|Any CPU.ActiveCfg = Release|Any CPU
		{0A0C3DE9-E109-44DF-B51D-0B546B9F19D0}.Release|Any CPU.Build.0 = Release|Any CPU
	EndGlobalSection
	GlobalSection(SolutionProperties) = preSolution
		HideSolutionNode = FALSE
	EndGlobalSection
	GlobalSection(ExtensibilityGlobals) = postSolution
		SolutionGuid = {84545423-DB86-4F36-9F9B-E67053F48054}
	EndGlobalSection
EndGlobal
